
Microsoft Visual Studio Solution File, Format Version 12.00
# Visual Studio Version 16
VisualStudioVersion = 16.0.31205.134
MinimumVisualStudioVersion = 10.0.40219.1
Project("{FAE04EC0-301F-11D3-BF4B-00C04F79EFBC}") = "NtFreX.BuildingBlocks.Desktop", "NtFreX.BuildingBlocks.Desktop\NtFreX.BuildingBlocks.Desktop.csproj", "{7908F07D-C0C5-4465-9D39-B94BC9152A74}"
EndProject
Global
	GlobalSection(SolutionConfigurationPlatforms) = preSolution
		Debug|Any CPU = Debug|Any CPU
		Release|Any CPU = Release|Any CPU
	EndGlobalSection
	GlobalSection(ProjectConfigurationPlatforms) = postSolution
		{7908F07D-C0C5-4465-9D39-B94BC9152A74}.Debug|Any CPU.ActiveCfg = Debug|Any CPU
		{7908F07D-C0C5-4465-9D39-B94BC9152A74}.Debug|Any CPU.Build.0 = Debug|Any CPU
		{7908F07D-C0C5-4465-9D39-B94BC9152A74}.Release|Any CPU.ActiveCfg = Release|Any CPU
		{7908F07D-C0C5-4465-9D39-B94BC9152A74}.Release|Any CPU.Build.0 = Release|Any CPU
	EndGlobalSection
	GlobalSection(SolutionProperties) = preSolution
		HideSolutionNode = FALSE
	EndGlobalSection
	GlobalSection(ExtensibilityGlobals) = postSolution
		SolutionGuid = {7AF2D26D-01BD-4985-8C97-A0F2782EAC41}
	EndGlobalSection
EndGlobal
